
Microsoft Visual Studio Solution File, Format Version 12.00
# Visual Studio Version 17
VisualStudioVersion = 17.6.33815.320
MinimumVisualStudioVersion = 10.0.40219.1
Project("{FAE04EC0-301F-11D3-BF4B-00C04F79EFBC}") = "switchexcample", "switchexcample\switchexcample.csproj", "{9C12B574-2604-473A-A0FA-7EA50A91FD51}"
EndProject
Global
	GlobalSection(SolutionConfigurationPlatforms) = preSolution
		Debug|Any CPU = Debug|Any CPU
		Release|Any CPU = Release|Any CPU
	EndGlobalSection
	GlobalSection(ProjectConfigurationPlatforms) = postSolution
		{9C12B574-2604-473A-A0FA-7EA50A91FD51}.Debug|Any CPU.ActiveCfg = Debug|Any CPU
		{9C12B574-2604-473A-A0FA-7EA50A91FD51}.Debug|Any CPU.Build.0 = Debug|Any CPU
		{9C12B574-2604-473A-A0FA-7EA50A91FD51}.Release|Any CPU.ActiveCfg = Release|Any CPU
		{9C12B574-2604-473A-A0FA-7EA50A91FD51}.Release|Any CPU.Build.0 = Release|Any CPU
	EndGlobalSection
	GlobalSection(SolutionProperties) = preSolution
		HideSolutionNode = FALSE
	EndGlobalSection
	GlobalSection(ExtensibilityGlobals) = postSolution
		SolutionGuid = {56A50F83-4FC0-4096-9005-26FBB1CCF6B2}
	EndGlobalSection
EndGlobal
